
Microsoft Visual Studio Solution File, Format Version 12.00
# Visual Studio Version 17
VisualStudioVersion = 17.1.32210.238
MinimumVisualStudioVersion = 10.0.40219.1
Project("{9A19103F-16F7-4668-BE54-9A1E7A4F7556}") = "2D-Ising-GUI", "test\2D-Ising-GUI.csproj", "{2AD96722-1C4B-495A-BE70-61BB4570C236}"
EndProject
Global
	GlobalSection(SolutionConfigurationPlatforms) = preSolution
		Debug|Any CPU = Debug|Any CPU
		Release|Any CPU = Release|Any CPU
	EndGlobalSection
	GlobalSection(ProjectConfigurationPlatforms) = postSolution
		{2AD96722-1C4B-495A-BE70-61BB4570C236}.Debug|Any CPU.ActiveCfg = Debug|Any CPU
		{2AD96722-1C4B-495A-BE70-61BB4570C236}.Debug|Any CPU.Build.0 = Debug|Any CPU
		{2AD96722-1C4B-495A-BE70-61BB4570C236}.Release|Any CPU.ActiveCfg = Release|Any CPU
		{2AD96722-1C4B-495A-BE70-61BB4570C236}.Release|Any CPU.Build.0 = Release|Any CPU
	EndGlobalSection
	GlobalSection(SolutionProperties) = preSolution
		HideSolutionNode = FALSE
	EndGlobalSection
	GlobalSection(ExtensibilityGlobals) = postSolution
		SolutionGuid = {E58DC14A-230E-499E-81C4-26DA8FBD021E}
	EndGlobalSection
EndGlobal
